<?xml version="1.0" encoding="utf-8"?>
<Project ToolsVersion="4.0" xmlns="http://schemas.microsoft.com/developer/msbuild/2003">
  <ItemGroup>
    <Filter Include="Source Files">
      <UniqueIdentifier>{4FC737F1-C7A5-4376-A066-2A32D752A2FF}</UniqueIdentifier>
      <Extensions>cpp;c;cc;cxx;c++;cppm;ixx;def;odl;idl;hpj;bat;asm;asmx</Extensions>
    </Filter>
    <Filter Include="Header Files">
      <UniqueIdentifier>{93995380-89BD-4b04-88EB-625FBE52EBFB}</UniqueIdentifier>
      <Extensions>h;hh;hpp;hxx;h++;hm;inl;inc;ipp;xsd</Extensions>
    </Filter>
    <Filter Include="Resource Files">
      <UniqueIdentifier>{67DA6AB6-F800-4c08-8B7A-83BB121AAD01}</UniqueIdentifier>
      <Extensions>rc;ico;cur;bmp;dlg;rc2;rct;bin;rgs;gif;jpg;jpeg;jpe;resx;tiff;tif;png;wav;mfcribbon-ms</Extensions>
    </Filter>
  </ItemGroup>
  <ItemGroup>
    <ClInclude Include="Componente.h">
      <Filter>Header Files</Filter>
    </ClInclude>
    <ClInclude Include="Sistema.h">
      <Filter>Header Files</Filter>
    </ClInclude>
    <ClInclude Include="Factura.h">
      <Filter>Header Files</Filter>
    </ClInclude>
    <ClInclude Include="FuenteDeAudio.h">
      <Filter>Header Files</Filter>
    </ClInclude>
    <ClInclude Include="Kit.h">
      <Filter>Header Files</Filter>
    </ClInclude>
    <ClInclude Include="Lista.h">
      <Filter>Header Files</Filter>
    </ClInclude>
    <ClInclude Include="Nodo.h">
      <Filter>Header Files</Filter>
    </ClInclude>
    <ClInclude Include="Parlante.h">
      <Filter>Header Files</Filter>
    </ClInclude>
    <ClInclude Include="ProcesadorDeSenal.h">
      <Filter>Header Files</Filter>
    </ClInclude>
    <ClInclude Include="Tienda.h">
      <Filter>Header Files</Filter>
    </ClInclude>
    <ClInclude Include="Cliente.h">
      <Filter>Header Files</Filter>
    </ClInclude>
    <ClInclude Include="Destino.h">
      <Filter>Header Files</Filter>
    </ClInclude>
    <ClInclude Include="Empresa.h">
      <Filter>Header Files</Filter>
    </ClInclude>
    <ClInclude Include="Exepciones.h">
      <Filter>Header Files</Filter>
    </ClInclude>
    <ClInclude Include="Fecha.h">
      <Filter>Header Files</Filter>
    </ClInclude>
    <ClInclude Include="Persona.h">
      <Filter>Header Files</Filter>
    </ClInclude>
    <ClInclude Include="Utiles.h">
      <Filter>Header Files</Filter>
    </ClInclude>
    <ClInclude Include="Directo.h">
      <Filter>Header Files</Filter>
    </ClInclude>
    <ClInclude Include="EnLinea.h">
      <Filter>Header Files</Filter>
    </ClInclude>
    <ClInclude Include="Interfaz.h">
      <Filter>Header Files</Filter>
    </ClInclude>
  </ItemGroup>
  <ItemGroup>
    <ClCompile Include="Sistema.cpp">
      <Filter>Source Files</Filter>
    </ClCompile>
    <ClCompile Include="Factura.cpp">
      <Filter>Source Files</Filter>
    </ClCompile>
    <ClCompile Include="FuenteDeAudio.cpp">
      <Filter>Source Files</Filter>
    </ClCompile>
    <ClCompile Include="Kit.cpp">
      <Filter>Source Files</Filter>
    </ClCompile>
    <ClCompile Include="Main.cpp">
      <Filter>Source Files</Filter>
    </ClCompile>
    <ClCompile Include="Parlante.cpp">
      <Filter>Source Files</Filter>
    </ClCompile>
    <ClCompile Include="ProcesadorDeSenal.cpp">
      <Filter>Source Files</Filter>
    </ClCompile>
    <ClCompile Include="Tienda.cpp">
      <Filter>Source Files</Filter>
    </ClCompile>
    <ClCompile Include="Cliente.cpp">
      <Filter>Source Files</Filter>
    </ClCompile>
    <ClCompile Include="Destino.cpp">
      <Filter>Source Files</Filter>
    </ClCompile>
    <ClCompile Include="Empresa.cpp">
      <Filter>Source Files</Filter>
    </ClCompile>
    <ClCompile Include="Excepciones.cpp">
      <Filter>Source Files</Filter>
    </ClCompile>
    <ClCompile Include="Fecha.cpp">
      <Filter>Source Files</Filter>
    </ClCompile>
    <ClCompile Include="Persona.cpp">
      <Filter>Source Files</Filter>
    </ClCompile>
    <ClCompile Include="Utiles.cpp">
      <Filter>Source Files</Filter>
    </ClCompile>
    <ClCompile Include="Directo.cpp">
      <Filter>Source Files</Filter>
    </ClCompile>
    <ClCompile Include="EnLinea.cpp">
      <Filter>Source Files</Filter>
    </ClCompile>
    <ClCompile Include="Utiles.cpp">
      <Filter>Source Files</Filter>
    </ClCompile>
    <ClCompile Include="Interfaz.cpp">
      <Filter>Source Files</Filter>
    </ClCompile>
  </ItemGroup>
</Project>